// !$*UTF8*$!
{
	archiveVersion = 1;
	classes = {
	};
	objectVersion = 77;
	objects = {

/* Begin PBXBuildFile section */
		255A76232E4667D80073237A /* AWSCore.xcframework in Frameworks */ = {isa = PBXBuildFile; fileRef = 255A761E2E4667D80073237A /* AWSCore.xcframework */; };
		255A76242E4667D80073237A /* AWSCore.xcframework in Embed Frameworks */ = {isa = PBXBuildFile; fileRef = 255A761E2E4667D80073237A /* AWSCore.xcframework */; settings = {ATTRIBUTES = (CodeSignOnCopy, RemoveHeadersOnCopy, ); }; };
		255A76252E4667D80073237A /* AWSSNS.xcframework in Frameworks */ = {isa = PBXBuildFile; fileRef = 255A761F2E4667D80073237A /* AWSSNS.xcframework */; };
		255A76262E4667D80073237A /* AWSSNS.xcframework in Embed Frameworks */ = {isa = PBXBuildFile; fileRef = 255A761F2E4667D80073237A /* AWSSNS.xcframework */; settings = {ATTRIBUTES = (CodeSignOnCopy, RemoveHeadersOnCopy, ); }; };
		255A76272E4667D80073237A /* AWSCognitoIdentityProvider.xcframework in Frameworks */ = {isa = PBXBuildFile; fileRef = 255A76202E4667D80073237A /* AWSCognitoIdentityProvider.xcframework */; };
		255A76282E4667D80073237A /* AWSCognitoIdentityProvider.xcframework in Embed Frameworks */ = {isa = PBXBuildFile; fileRef = 255A76202E4667D80073237A /* AWSCognitoIdentityProvider.xcframework */; settings = {ATTRIBUTES = (CodeSignOnCopy, RemoveHeadersOnCopy, ); }; };
		255A76292E4667D80073237A /* AWSCognitoIdentityProviderASF.xcframework in Frameworks */ = {isa = PBXBuildFile; fileRef = 255A76212E4667D80073237A /* AWSCognitoIdentityProviderASF.xcframework */; };
		255A762A2E4667D80073237A /* AWSCognitoIdentityProviderASF.xcframework in Embed Frameworks */ = {isa = PBXBuildFile; fileRef = 255A76212E4667D80073237A /* AWSCognitoIdentityProviderASF.xcframework */; settings = {ATTRIBUTES = (CodeSignOnCopy, RemoveHeadersOnCopy, ); }; };
		255A762B2E4667D80073237A /* AWSCognitoAuth.xcframework in Frameworks */ = {isa = PBXBuildFile; fileRef = 255A76222E4667D80073237A /* AWSCognitoAuth.xcframework */; };
		255A762C2E4667D80073237A /* AWSCognitoAuth.xcframework in Embed Frameworks */ = {isa = PBXBuildFile; fileRef = 255A76222E4667D80073237A /* AWSCognitoAuth.xcframework */; settings = {ATTRIBUTES = (CodeSignOnCopy, RemoveHeadersOnCopy, ); }; };
/* End PBXBuildFile section */

/* Begin PBXContainerItemProxy section */
		255A76002E46132A0073237A /* PBXContainerItemProxy */ = {
			isa = PBXContainerItemProxy;
			containerPortal = 255A75EA2E4613280073237A /* Project object */;
			proxyType = 1;
			remoteGlobalIDString = 255A75F12E4613280073237A;
			remoteInfo = "pulse-mobile";
		};
		255A760A2E46132A0073237A /* PBXContainerItemProxy */ = {
			isa = PBXContainerItemProxy;
			containerPortal = 255A75EA2E4613280073237A /* Project object */;
			proxyType = 1;
			remoteGlobalIDString = 255A75F12E4613280073237A;
			remoteInfo = "pulse-mobile";
		};
/* End PBXContainerItemProxy section */

/* Begin PBXCopyFilesBuildPhase section */
		255A762D2E4667D80073237A /* Embed Frameworks */ = {
			isa = PBXCopyFilesBuildPhase;
			buildActionMask = 2147483647;
			dstPath = "";
			dstSubfolderSpec = 10;
			files = (
				255A76262E4667D80073237A /* AWSSNS.xcframework in Embed Frameworks */,
				255A762A2E4667D80073237A /* AWSCognitoIdentityProviderASF.xcframework in Embed Frameworks */,
				255A762C2E4667D80073237A /* AWSCognitoAuth.xcframework in Embed Frameworks */,
				255A76282E4667D80073237A /* AWSCognitoIdentityProvider.xcframework in Embed Frameworks */,
				255A76242E4667D80073237A /* AWSCore.xcframework in Embed Frameworks */,
			);
			name = "Embed Frameworks";
			runOnlyForDeploymentPostprocessing = 0;
		};
/* End PBXCopyFilesBuildPhase section */

/* Begin PBXFileReference section */
		255A75F22E4613280073237A /* pulse-mobile.app */ = {isa = PBXFileReference; explicitFileType = wrapper.application; includeInIndex = 0; path = "pulse-mobile.app"; sourceTree = BUILT_PRODUCTS_DIR; };
		255A75FF2E46132A0073237A /* pulse-mobileTests.xctest */ = {isa = PBXFileReference; explicitFileType = wrapper.cfbundle; includeInIndex = 0; path = "pulse-mobileTests.xctest"; sourceTree = BUILT_PRODUCTS_DIR; };
		255A76092E46132A0073237A /* pulse-mobileUITests.xctest */ = {isa = PBXFileReference; explicitFileType = wrapper.cfbundle; includeInIndex = 0; path = "pulse-mobileUITests.xctest"; sourceTree = BUILT_PRODUCTS_DIR; };
		255A761D2E46674D0073237A /* aws-ios-sdk-2.41.0.zip */ = {isa = PBXFileReference; lastKnownFileType = archive.zip; name = "aws-ios-sdk-2.41.0.zip"; path = "../../../../Downloads/aws-ios-sdk-2.41.0.zip"; sourceTree = "<group>"; };
		255A761E2E4667D80073237A /* AWSCore.xcframework */ = {isa = PBXFileReference; lastKnownFileType = wrapper.xcframework; name = AWSCore.xcframework; path = "../../../../Downloads/aws-ios-sdk-2.41.0/frameworks/AWSCore.xcframework"; sourceTree = "<group>"; };
		255A761F2E4667D80073237A /* AWSSNS.xcframework */ = {isa = PBXFileReference; lastKnownFileType = wrapper.xcframework; name = AWSSNS.xcframework; path = "../../../../Downloads/aws-ios-sdk-2.41.0/frameworks/AWSSNS.xcframework"; sourceTree = "<group>"; };
		255A76202E4667D80073237A /* AWSCognitoIdentityProvider.xcframework */ = {isa = PBXFileReference; lastKnownFileType = wrapper.xcframework; name = AWSCognitoIdentityProvider.xcframework; path = "../../../../Downloads/aws-ios-sdk-2.41.0/frameworks/AWSCognitoIdentityProvider.xcframework"; sourceTree = "<group>"; };
		255A76212E4667D80073237A /* AWSCognitoIdentityProviderASF.xcframework */ = {isa = PBXFileReference; lastKnownFileType = wrapper.xcframework; name = AWSCognitoIdentityProviderASF.xcframework; path = "../../../../Downloads/aws-ios-sdk-2.41.0/frameworks/AWSCognitoIdentityProviderASF.xcframework"; sourceTree = "<group>"; };
		255A76222E4667D80073237A /* AWSCognitoAuth.xcframework */ = {isa = PBXFileReference; lastKnownFileType = wrapper.xcframework; name = AWSCognitoAuth.xcframework; path = "../../../../Downloads/aws-ios-sdk-2.41.0/frameworks/AWSCognitoAuth.xcframework"; sourceTree = "<group>"; };
/* End PBXFileReference section */

/* Begin PBXFileSystemSynchronizedRootGroup section */
		255A75F42E4613280073237A /* pulse-mobile */ = {
			isa = PBXFileSystemSynchronizedRootGroup;
			path = "pulse-mobile";
			sourceTree = "<group>";
		};
		255A76022E46132A0073237A /* pulse-mobileTests */ = {
			isa = PBXFileSystemSynchronizedRootGroup;
			path = "pulse-mobileTests";
			sourceTree = "<group>";
		};
		255A760C2E46132A0073237A /* pulse-mobileUITests */ = {
			isa = PBXFileSystemSynchronizedRootGroup;
			path = "pulse-mobileUITests";
			sourceTree = "<group>";
		};
/* End PBXFileSystemSynchronizedRootGroup section */

/* Begin PBXFrameworksBuildPhase section */
		255A75EF2E4613280073237A /* Frameworks */ = {
			isa = PBXFrameworksBuildPhase;
			buildActionMask = 2147483647;
			files = (
				255A76252E4667D80073237A /* AWSSNS.xcframework in Frameworks */,
				255A76292E4667D80073237A /* AWSCognitoIdentityProviderASF.xcframework in Frameworks */,
				255A762B2E4667D80073237A /* AWSCognitoAuth.xcframework in Frameworks */,
				255A76272E4667D80073237A /* AWSCognitoIdentityProvider.xcframework in Frameworks */,
				255A76232E4667D80073237A /* AWSCore.xcframework in Frameworks */,
			);
			runOnlyForDeploymentPostprocessing = 0;
		};
		255A75FC2E46132A0073237A /* Frameworks */ = {
			isa = PBXFrameworksBuildPhase;
			buildActionMask = 2147483647;
			files = (
			);
			runOnlyForDeploymentPostprocessing = 0;
		};
		255A76062E46132A0073237A /* Frameworks */ = {
			isa = PBXFrameworksBuildPhase;
			buildActionMask = 2147483647;
			files = (
			);
			runOnlyForDeploymentPostprocessing = 0;
		};
/* End PBXFrameworksBuildPhase section */

/* Begin PBXGroup section */
		255A75E92E4613280073237A = {
			isa = PBXGroup;
			children = (
				255A75F42E4613280073237A /* pulse-mobile */,
				255A76022E46132A0073237A /* pulse-mobileTests */,
				255A760C2E46132A0073237A /* pulse-mobileUITests */,
				255A761C2E46674D0073237A /* Frameworks */,
				255A75F32E4613280073237A /* Products */,
			);
			sourceTree = "<group>";
		};
		255A75F32E4613280073237A /* Products */ = {
			isa = PBXGroup;
			children = (
				255A75F22E4613280073237A /* pulse-mobile.app */,
				255A75FF2E46132A0073237A /* pulse-mobileTests.xctest */,
				255A76092E46132A0073237A /* pulse-mobileUITests.xctest */,
			);
			name = Products;
			sourceTree = "<group>";
		};
		255A761C2E46674D0073237A /* Frameworks */ = {
			isa = PBXGroup;
			children = (
				255A76222E4667D80073237A /* AWSCognitoAuth.xcframework */,
				255A76202E4667D80073237A /* AWSCognitoIdentityProvider.xcframework */,
				255A76212E4667D80073237A /* AWSCognitoIdentityProviderASF.xcframework */,
				255A761E2E4667D80073237A /* AWSCore.xcframework */,
				255A761F2E4667D80073237A /* AWSSNS.xcframework */,
				255A761D2E46674D0073237A /* aws-ios-sdk-2.41.0.zip */,
			);
			name = Frameworks;
			sourceTree = "<group>";
		};
/* End PBXGroup section */

/* Begin PBXNativeTarget section */
		255A75F12E4613280073237A /* pulse-mobile */ = {
			isa = PBXNativeTarget;
			buildConfigurationList = 255A76132E46132A0073237A /* Build configuration list for PBXNativeTarget "pulse-mobile" */;
			buildPhases = (
				255A75EE2E4613280073237A /* Sources */,
				255A75EF2E4613280073237A /* Frameworks */,
				255A75F02E4613280073237A /* Resources */,
				255A762D2E4667D80073237A /* Embed Frameworks */,
			);
			buildRules = (
			);
			dependencies = (
			);
			fileSystemSynchronizedGroups = (
				255A75F42E4613280073237A /* pulse-mobile */,
			);
			name = "pulse-mobile";
			packageProductDependencies = (
			);
			productName = "pulse-mobile";
			productReference = 255A75F22E4613280073237A /* pulse-mobile.app */;
			productType = "com.apple.product-type.application";
		};
		255A75FE2E46132A0073237A /* pulse-mobileTests */ = {
			isa = PBXNativeTarget;
			buildConfigurationList = 255A76162E46132A0073237A /* Build configuration list for PBXNativeTarget "pulse-mobileTests" */;
			buildPhases = (
				255A75FB2E46132A0073237A /* Sources */,
				255A75FC2E46132A0073237A /* Frameworks */,
				255A75FD2E46132A0073237A /* Resources */,
			);
			buildRules = (
			);
			dependencies = (
				255A76012E46132A0073237A /* PBXTargetDependency */,
			);
			fileSystemSynchronizedGroups = (
				255A76022E46132A0073237A /* pulse-mobileTests */,
			);
			name = "pulse-mobileTests";
			packageProductDependencies = (
			);
			productName = "pulse-mobileTests";
			productReference = 255A75FF2E46132A0073237A /* pulse-mobileTests.xctest */;
			productType = "com.apple.product-type.bundle.unit-test";
		};
		255A76082E46132A0073237A /* pulse-mobileUITests */ = {
			isa = PBXNativeTarget;
			buildConfigurationList = 255A76192E46132A0073237A /* Build configuration list for PBXNativeTarget "pulse-mobileUITests" */;
			buildPhases = (
				255A76052E46132A0073237A /* Sources */,
				255A76062E46132A0073237A /* Frameworks */,
				255A76072E46132A0073237A /* Resources */,
			);
			buildRules = (
			);
			dependencies = (
				255A760B2E46132A0073237A /* PBXTargetDependency */,
			);
			fileSystemSynchronizedGroups = (
				255A760C2E46132A0073237A /* pulse-mobileUITests */,
			);
			name = "pulse-mobileUITests";
			packageProductDependencies = (
			);
			productName = "pulse-mobileUITests";
			productReference = 255A76092E46132A0073237A /* pulse-mobileUITests.xctest */;
			productType = "com.apple.product-type.bundle.ui-testing";
		};
/* End PBXNativeTarget section */

/* Begin PBXProject section */
		255A75EA2E4613280073237A /* Project object */ = {
			isa = PBXProject;
			attributes = {
				BuildIndependentTargetsInParallel = 1;
				LastSwiftUpdateCheck = 1630;
				LastUpgradeCheck = 1630;
				TargetAttributes = {
					255A75F12E4613280073237A = {
						CreatedOnToolsVersion = 16.3;
					};
					255A75FE2E46132A0073237A = {
						CreatedOnToolsVersion = 16.3;
						TestTargetID = 255A75F12E4613280073237A;
					};
					255A76082E46132A0073237A = {
						CreatedOnToolsVersion = 16.3;
						TestTargetID = 255A75F12E4613280073237A;
					};
				};
			};
			buildConfigurationList = 255A75ED2E4613280073237A /* Build configuration list for PBXProject "pulse-mobile" */;
			developmentRegion = en;
			hasScannedForEncodings = 0;
			knownRegions = (
				en,
				Base,
			);
			mainGroup = 255A75E92E4613280073237A;
			minimizedProjectReferenceProxies = 1;
			preferredProjectObjectVersion = 77;
			productRefGroup = 255A75F32E4613280073237A /* Products */;
			projectDirPath = "";
			projectRoot = "";
			targets = (
				255A75F12E4613280073237A /* pulse-mobile */,
				255A75FE2E46132A0073237A /* pulse-mobileTests */,
				255A76082E46132A0073237A /* pulse-mobileUITests */,
			);
		};
/* End PBXProject section */

/* Begin PBXResourcesBuildPhase section */
		255A75F02E4613280073237A /* Resources */ = {
			isa = PBXResourcesBuildPhase;
			buildActionMask = 2147483647;
			files = (
			);
			runOnlyForDeploymentPostprocessing = 0;
		};
		255A75FD2E46132A0073237A /* Resources */ = {
			isa = PBXResourcesBuildPhase;
			buildActionMask = 2147483647;
			files = (
			);
			runOnlyForDeploymentPostprocessing = 0;
		};
		255A76072E46132A0073237A /* Resources */ = {
			isa = PBXResourcesBuildPhase;
			buildActionMask = 2147483647;
			files = (
			);
			runOnlyForDeploymentPostprocessing = 0;
		};
/* End PBXResourcesBuildPhase section */

/* Begin PBXSourcesBuildPhase section */
		255A75EE2E4613280073237A /* Sources */ = {
			isa = PBXSourcesBuildPhase;
			buildActionMask = 2147483647;
			files = (
			);
			runOnlyForDeploymentPostprocessing = 0;
		};
		255A75FB2E46132A0073237A /* Sources */ = {
			isa = PBXSourcesBuildPhase;
			buildActionMask = 2147483647;
			files = (
			);
			runOnlyForDeploymentPostprocessing = 0;
		};
		255A76052E46132A0073237A /* Sources */ = {
			isa = PBXSourcesBuildPhase;
			buildActionMask = 2147483647;
			files = (
			);
			runOnlyForDeploymentPostprocessing = 0;
		};
/* End PBXSourcesBuildPhase section */

/* Begin PBXTargetDependency section */
		255A76012E46132A0073237A /* PBXTargetDependency */ = {
			isa = PBXTargetDependency;
			target = 255A75F12E4613280073237A /* pulse-mobile */;
			targetProxy = 255A76002E46132A0073237A /* PBXContainerItemProxy */;
		};
		255A760B2E46132A0073237A /* PBXTargetDependency */ = {
			isa = PBXTargetDependency;
			target = 255A75F12E4613280073237A /* pulse-mobile */;
			targetProxy = 255A760A2E46132A0073237A /* PBXContainerItemProxy */;
		};
/* End PBXTargetDependency section */

/* Begin XCBuildConfiguration section */
		255A76112E46132A0073237A /* Debug */ = {
			isa = XCBuildConfiguration;
			buildSettings = {
				ALWAYS_SEARCH_USER_PATHS = NO;
				ASSETCATALOG_COMPILER_GENERATE_SWIFT_ASSET_SYMBOL_EXTENSIONS = YES;
				CLANG_ANALYZER_NONNULL = YES;
				CLANG_ANALYZER_NUMBER_OBJECT_CONVERSION = YES_AGGRESSIVE;
				CLANG_CXX_LANGUAGE_STANDARD = "gnu++20";
				CLANG_ENABLE_MODULES = YES;
				CLANG_ENABLE_OBJC_ARC = YES;
				CLANG_ENABLE_OBJC_WEAK = YES;
				CLANG_WARN_BLOCK_CAPTURE_AUTORELEASING = YES;
				CLANG_WARN_BOOL_CONVERSION = YES;
				CLANG_WARN_COMMA = YES;
				CLANG_WARN_CONSTANT_CONVERSION = YES;
				CLANG_WARN_DEPRECATED_OBJC_IMPLEMENTATIONS = YES;
				CLANG_WARN_DIRECT_OBJC_ISA_USAGE = YES_ERROR;
				CLANG_WARN_DOCUMENTATION_COMMENTS = YES;
				CLANG_WARN_EMPTY_BODY = YES;
				CLANG_WARN_ENUM_CONVERSION = YES;
				CLANG_WARN_INFINITE_RECURSION = YES;
				CLANG_WARN_INT_CONVERSION = YES;
				CLANG_WARN_NON_LITERAL_NULL_CONVERSION = YES;
				CLANG_WARN_OBJC_IMPLICIT_RETAIN_SELF = YES;
				CLANG_WARN_OBJC_LITERAL_CONVERSION = YES;
				CLANG_WARN_OBJC_ROOT_CLASS = YES_ERROR;
				CLANG_WARN_QUOTED_INCLUDE_IN_FRAMEWORK_HEADER = YES;
				CLANG_WARN_RANGE_LOOP_ANALYSIS = YES;
				CLANG_WARN_STRICT_PROTOTYPES = YES;
				CLANG_WARN_SUSPICIOUS_MOVE = YES;
				CLANG_WARN_UNGUARDED_AVAILABILITY = YES_AGGRESSIVE;
				CLANG_WARN_UNREACHABLE_CODE = YES;
				CLANG_WARN__DUPLICATE_METHOD_MATCH = YES;
				COPY_PHASE_STRIP = NO;
				DEBUG_INFORMATION_FORMAT = dwarf;
				DEVELOPMENT_TEAM = L78Y96XMY7;
				ENABLE_STRICT_OBJC_MSGSEND = YES;
				ENABLE_TESTABILITY = YES;
				ENABLE_USER_SCRIPT_SANDBOXING = YES;
				GCC_C_LANGUAGE_STANDARD = gnu17;
				GCC_DYNAMIC_NO_PIC = NO;
				GCC_NO_COMMON_BLOCKS = YES;
				GCC_OPTIMIZATION_LEVEL = 0;
				GCC_PREPROCESSOR_DEFINITIONS = (
					"DEBUG=1",
					"$(inherited)",
				);
				GCC_WARN_64_TO_32_BIT_CONVERSION = YES;
				GCC_WARN_ABOUT_RETURN_TYPE = YES_ERROR;
				GCC_WARN_UNDECLARED_SELECTOR = YES;
				GCC_WARN_UNINITIALIZED_AUTOS = YES_AGGRESSIVE;
				GCC_WARN_UNUSED_FUNCTION = YES;
				GCC_WARN_UNUSED_VARIABLE = YES;
				IPHONEOS_DEPLOYMENT_TARGET = 18.4;
				LOCALIZATION_PREFERS_STRING_CATALOGS = YES;
				MTL_ENABLE_DEBUG_INFO = INCLUDE_SOURCE;
				MTL_FAST_MATH = YES;
				ONLY_ACTIVE_ARCH = YES;
				SDKROOT = iphoneos;
				SWIFT_ACTIVE_COMPILATION_CONDITIONS = "DEBUG $(inherited)";
				SWIFT_OPTIMIZATION_LEVEL = "-Onone";
			};
			name = Debug;
		};
		255A76122E46132A0073237A /* Release */ = {
			isa = XCBuildConfiguration;
			buildSettings = {
				ALWAYS_SEARCH_USER_PATHS = NO;
				ASSETCATALOG_COMPILER_GENERATE_SWIFT_ASSET_SYMBOL_EXTENSIONS = YES;
				CLANG_ANALYZER_NONNULL = YES;
				CLANG_ANALYZER_NUMBER_OBJECT_CONVERSION = YES_AGGRESSIVE;
				CLANG_CXX_LANGUAGE_STANDARD = "gnu++20";
				CLANG_ENABLE_MODULES = YES;
				CLANG_ENABLE_OBJC_ARC = YES;
				CLANG_ENABLE_OBJC_WEAK = YES;
				CLANG_WARN_BLOCK_CAPTURE_AUTORELEASING = YES;
				CLANG_WARN_BOOL_CONVERSION = YES;
				CLANG_WARN_COMMA = YES;
				CLANG_WARN_CONSTANT_CONVERSION = YES;
				CLANG_WARN_DEPRECATED_OBJC_IMPLEMENTATIONS = YES;
				CLANG_WARN_DIRECT_OBJC_ISA_USAGE = YES_ERROR;
				CLANG_WARN_DOCUMENTATION_COMMENTS = YES;
				CLANG_WARN_EMPTY_BODY = YES;
				CLANG_WARN_ENUM_CONVERSION = YES;
				CLANG_WARN_INFINITE_RECURSION = YES;
				CLANG_WARN_INT_CONVERSION = YES;
				CLANG_WARN_NON_LITERAL_NULL_CONVERSION = YES;
				CLANG_WARN_OBJC_IMPLICIT_RETAIN_SELF = YES;
				CLANG_WARN_OBJC_LITERAL_CONVERSION = YES;
				CLANG_WARN_OBJC_ROOT_CLASS = YES_ERROR;
				CLANG_WARN_QUOTED_INCLUDE_IN_FRAMEWORK_HEADER = YES;
				CLANG_WARN_RANGE_LOOP_ANALYSIS = YES;
				CLANG_WARN_STRICT_PROTOTYPES = YES;
				CLANG_WARN_SUSPICIOUS_MOVE = YES;
				CLANG_WARN_UNGUARDED_AVAILABILITY = YES_AGGRESSIVE;
				CLANG_WARN_UNREACHABLE_CODE = YES;
				CLANG_WARN__DUPLICATE_METHOD_MATCH = YES;
				COPY_PHASE_STRIP = NO;
				DEBUG_INFORMATION_FORMAT = "dwarf-with-dsym";
				DEVELOPMENT_TEAM = L78Y96XMY7;
				ENABLE_NS_ASSERTIONS = NO;
				ENABLE_STRICT_OBJC_MSGSEND = YES;
				ENABLE_USER_SCRIPT_SANDBOXING = YES;
				GCC_C_LANGUAGE_STANDARD = gnu17;
				GCC_NO_COMMON_BLOCKS = YES;
				GCC_WARN_64_TO_32_BIT_CONVERSION = YES;
				GCC_WARN_ABOUT_RETURN_TYPE = YES_ERROR;
				GCC_WARN_UNDECLARED_SELECTOR = YES;
				GCC_WARN_UNINITIALIZED_AUTOS = YES_AGGRESSIVE;
				GCC_WARN_UNUSED_FUNCTION = YES;
				GCC_WARN_UNUSED_VARIABLE = YES;
				IPHONEOS_DEPLOYMENT_TARGET = 18.4;
				LOCALIZATION_PREFERS_STRING_CATALOGS = YES;
				MTL_ENABLE_DEBUG_INFO = NO;
				MTL_FAST_MATH = YES;
				SDKROOT = iphoneos;
				SWIFT_COMPILATION_MODE = wholemodule;
				VALIDATE_PRODUCT = YES;
			};
			name = Release;
		};
		255A76142E46132A0073237A /* Debug */ = {
			isa = XCBuildConfiguration;
			buildSettings = {
				ASSETCATALOG_COMPILER_APPICON_NAME = AppIcon;
				ASSETCATALOG_COMPILER_GLOBAL_ACCENT_COLOR_NAME = AccentColor;
				CODE_SIGN_ENTITLEMENTS = "pulse-mobile/pulse-mobile.entitlements";
				CODE_SIGN_STYLE = Automatic;
				CURRENT_PROJECT_VERSION = 1;
				DEVELOPMENT_TEAM = L78Y96XMY7;
				ENABLE_PREVIEWS = YES;
				GENERATE_INFOPLIST_FILE = YES;
				INFOPLIST_KEY_UIApplicationSceneManifest_Generation = YES;
				INFOPLIST_KEY_UIApplicationSupportsIndirectInputEvents = YES;
				INFOPLIST_KEY_UILaunchScreen_Generation = YES;
				INFOPLIST_KEY_UISupportedInterfaceOrientations_iPad = "UIInterfaceOrientationPortrait UIInterfaceOrientationPortraitUpsideDown UIInterfaceOrientationLandscapeLeft UIInterfaceOrientationLandscapeRight";
				INFOPLIST_KEY_UISupportedInterfaceOrientations_iPhone = "UIInterfaceOrientationPortrait UIInterfaceOrientationLandscapeLeft UIInterfaceOrientationLandscapeRight";
				LD_RUNPATH_SEARCH_PATHS = (
					"$(inherited)",
					"@executable_path/Frameworks",
				);
				MARKETING_VERSION = 1.0;
				PRODUCT_BUNDLE_IDENTIFIER = "alan.johnson.pulse-mobile";
				PRODUCT_NAME = "$(TARGET_NAME)";
				SWIFT_EMIT_LOC_STRINGS = YES;
				SWIFT_VERSION = 5.0;
				TARGETED_DEVICE_FAMILY = "1,2";
			};
			name = Debug;
		};
		255A76152E46132A0073237A /* Release */ = {
			isa = XCBuildConfiguration;
			buildSettings = {
				ASSETCATALOG_COMPILER_APPICON_NAME = AppIcon;
				ASSETCATALOG_COMPILER_GLOBAL_ACCENT_COLOR_NAME = AccentColor;
				CODE_SIGN_ENTITLEMENTS = "pulse-mobile/pulse-mobile.entitlements";
				CODE_SIGN_STYLE = Automatic;
				CURRENT_PROJECT_VERSION = 1;
				DEVELOPMENT_TEAM = L78Y96XMY7;
				ENABLE_PREVIEWS = YES;
				GENERATE_INFOPLIST_FILE = YES;
				INFOPLIST_KEY_UIApplicationSceneManifest_Generation = YES;
				INFOPLIST_KEY_UIApplicationSupportsIndirectInputEvents = YES;
				INFOPLIST_KEY_UILaunchScreen_Generation = YES;
				INFOPLIST_KEY_UISupportedInterfaceOrientations_iPad = "UIInterfaceOrientationPortrait UIInterfaceOrientationPortraitUpsideDown UIInterfaceOrientationLandscapeLeft UIInterfaceOrientationLandscapeRight";
				INFOPLIST_KEY_UISupportedInterfaceOrientations_iPhone = "UIInterfaceOrientationPortrait UIInterfaceOrientationLandscapeLeft UIInterfaceOrientationLandscapeRight";
				LD_RUNPATH_SEARCH_PATHS = (
					"$(inherited)",
					"@executable_path/Frameworks",
				);
				MARKETING_VERSION = 1.0;
				PRODUCT_BUNDLE_IDENTIFIER = "alan.johnson.pulse-mobile";
				PRODUCT_NAME = "$(TARGET_NAME)";
				SWIFT_EMIT_LOC_STRINGS = YES;
				SWIFT_VERSION = 5.0;
				TARGETED_DEVICE_FAMILY = "1,2";
			};
			name = Release;
		};
		255A76172E46132A0073237A /* Debug */ = {
			isa = XCBuildConfiguration;
			buildSettings = {
				BUNDLE_LOADER = "$(TEST_HOST)";
				CODE_SIGN_STYLE = Automatic;
				CURRENT_PROJECT_VERSION = 1;
				DEVELOPMENT_TEAM = L78Y96XMY7;
				GENERATE_INFOPLIST_FILE = YES;
				IPHONEOS_DEPLOYMENT_TARGET = 18.4;
				MARKETING_VERSION = 1.0;
				PRODUCT_BUNDLE_IDENTIFIER = "alan.johnson.pulse-mobileTests";
				PRODUCT_NAME = "$(TARGET_NAME)";
				SWIFT_EMIT_LOC_STRINGS = NO;
				SWIFT_VERSION = 5.0;
				TARGETED_DEVICE_FAMILY = "1,2";
				TEST_HOST = "$(BUILT_PRODUCTS_DIR)/pulse-mobile.app/$(BUNDLE_EXECUTABLE_FOLDER_PATH)/pulse-mobile";
			};
			name = Debug;
		};
		255A76182E46132A0073237A /* Release */ = {
			isa = XCBuildConfiguration;
			buildSettings = {
				BUNDLE_LOADER = "$(TEST_HOST)";
				CODE_SIGN_STYLE = Automatic;
				CURRENT_PROJECT_VERSION = 1;
				DEVELOPMENT_TEAM = L78Y96XMY7;
				GENERATE_INFOPLIST_FILE = YES;
				IPHONEOS_DEPLOYMENT_TARGET = 18.4;
				MARKETING_VERSION = 1.0;
				PRODUCT_BUNDLE_IDENTIFIER = "alan.johnson.pulse-mobileTests";
				PRODUCT_NAME = "$(TARGET_NAME)";
				SWIFT_EMIT_LOC_STRINGS = NO;
				SWIFT_VERSION = 5.0;
				TARGETED_DEVICE_FAMILY = "1,2";
				TEST_HOST = "$(BUILT_PRODUCTS_DIR)/pulse-mobile.app/$(BUNDLE_EXECUTABLE_FOLDER_PATH)/pulse-mobile";
			};
			name = Release;
		};
		255A761A2E46132A0073237A /* Debug */ = {
			isa = XCBuildConfiguration;
			buildSettings = {
				CODE_SIGN_STYLE = Automatic;
				CURRENT_PROJECT_VERSION = 1;
				DEVELOPMENT_TEAM = L78Y96XMY7;
				GENERATE_INFOPLIST_FILE = YES;
				MARKETING_VERSION = 1.0;
				PRODUCT_BUNDLE_IDENTIFIER = "alan.johnson.pulse-mobileUITests";
				PRODUCT_NAME = "$(TARGET_NAME)";
				SWIFT_EMIT_LOC_STRINGS = NO;
				SWIFT_VERSION = 5.0;
				TARGETED_DEVICE_FAMILY = "1,2";
				TEST_TARGET_NAME = "pulse-mobile";
			};
			name = Debug;
		};
		255A761B2E46132A0073237A /* Release */ = {
			isa = XCBuildConfiguration;
			buildSettings = {
				CODE_SIGN_STYLE = Automatic;
				CURRENT_PROJECT_VERSION = 1;
				DEVELOPMENT_TEAM = L78Y96XMY7;
				GENERATE_INFOPLIST_FILE = YES;
				MARKETING_VERSION = 1.0;
				PRODUCT_BUNDLE_IDENTIFIER = "alan.johnson.pulse-mobileUITests";
				PRODUCT_NAME = "$(TARGET_NAME)";
				SWIFT_EMIT_LOC_STRINGS = NO;
				SWIFT_VERSION = 5.0;
				TARGETED_DEVICE_FAMILY = "1,2";
				TEST_TARGET_NAME = "pulse-mobile";
			};
			name = Release;
		};
/* End XCBuildConfiguration section */

/* Begin XCConfigurationList section */
		255A75ED2E4613280073237A /* Build configuration list for PBXProject "pulse-mobile" */ = {
			isa = XCConfigurationList;
			buildConfigurations = (
				255A76112E46132A0073237A /* Debug */,
				255A76122E46132A0073237A /* Release */,
			);
			defaultConfigurationIsVisible = 0;
			defaultConfigurationName = Release;
		};
		255A76132E46132A0073237A /* Build configuration list for PBXNativeTarget "pulse-mobile" */ = {
			isa = XCConfigurationList;
			buildConfigurations = (
				255A76142E46132A0073237A /* Debug */,
				255A76152E46132A0073237A /* Release */,
			);
			defaultConfigurationIsVisible = 0;
			defaultConfigurationName = Release;
		};
		255A76162E46132A0073237A /* Build configuration list for PBXNativeTarget "pulse-mobileTests" */ = {
			isa = XCConfigurationList;
			buildConfigurations = (
				255A76172E46132A0073237A /* Debug */,
				255A76182E46132A0073237A /* Release */,
			);
			defaultConfigurationIsVisible = 0;
			defaultConfigurationName = Release;
		};
		255A76192E46132A0073237A /* Build configuration list for PBXNativeTarget "pulse-mobileUITests" */ = {
			isa = XCConfigurationList;
			buildConfigurations = (
				255A761A2E46132A0073237A /* Debug */,
				255A761B2E46132A0073237A /* Release */,
			);
			defaultConfigurationIsVisible = 0;
			defaultConfigurationName = Release;
		};
/* End XCConfigurationList section */
	};
	rootObject = 255A75EA2E4613280073237A /* Project object */;
}
